
Microsoft Visual Studio Solution File, Format Version 12.00
# Visual Studio Version 16
VisualStudioVersion = 16.0.29324.140
MinimumVisualStudioVersion = 10.0.40219.1
Project("{9A19103F-16F7-4668-BE54-9A1E7A4F7556}") = "EmployeeData", "EmployeeData\EmployeeData.csproj", "{0AFD7E23-28D6-45DC-90AE-12DE67FF8F47}"
EndProject
Project("{9A19103F-16F7-4668-BE54-9A1E7A4F7556}") = "ShopHierarchy", "ShopHierarchy\ShopHierarchy.csproj", "{86051BBA-3B45-438B-8BFF-D17D0811F0DE}"
EndProject
Project("{FAE04EC0-301F-11D3-BF4B-00C04F79EFBC}") = "StudentSystem", "StudentSystem\StudentSystem.csproj", "{9F280AC5-8F10-4BD7-8054-8B6C37686DAA}"
EndProject
Global
	GlobalSection(SolutionConfigurationPlatforms) = preSolution
		Debug|Any CPU = Debug|Any CPU
		Release|Any CPU = Release|Any CPU
	EndGlobalSection
	GlobalSection(ProjectConfigurationPlatforms) = postSolution
		{0AFD7E23-28D6-45DC-90AE-12DE67FF8F47}.Debug|Any CPU.ActiveCfg = Debug|Any CPU
		{0AFD7E23-28D6-45DC-90AE-12DE67FF8F47}.Debug|Any CPU.Build.0 = Debug|Any CPU
		{0AFD7E23-28D6-45DC-90AE-12DE67FF8F47}.Release|Any CPU.ActiveCfg = Release|Any CPU
		{0AFD7E23-28D6-45DC-90AE-12DE67FF8F47}.Release|Any CPU.Build.0 = Release|Any CPU
		{86051BBA-3B45-438B-8BFF-D17D0811F0DE}.Debug|Any CPU.ActiveCfg = Debug|Any CPU
		{86051BBA-3B45-438B-8BFF-D17D0811F0DE}.Debug|Any CPU.Build.0 = Debug|Any CPU
		{86051BBA-3B45-438B-8BFF-D17D0811F0DE}.Release|Any CPU.ActiveCfg = Release|Any CPU
		{86051BBA-3B45-438B-8BFF-D17D0811F0DE}.Release|Any CPU.Build.0 = Release|Any CPU
		{9F280AC5-8F10-4BD7-8054-8B6C37686DAA}.Debug|Any CPU.ActiveCfg = Debug|Any CPU
		{9F280AC5-8F10-4BD7-8054-8B6C37686DAA}.Debug|Any CPU.Build.0 = Debug|Any CPU
		{9F280AC5-8F10-4BD7-8054-8B6C37686DAA}.Release|Any CPU.ActiveCfg = Release|Any CPU
		{9F280AC5-8F10-4BD7-8054-8B6C37686DAA}.Release|Any CPU.Build.0 = Release|Any CPU
	EndGlobalSection
	GlobalSection(SolutionProperties) = preSolution
		HideSolutionNode = FALSE
	EndGlobalSection
	GlobalSection(ExtensibilityGlobals) = postSolution
		SolutionGuid = {FF666B05-861F-48A8-BA98-7B8D3ED48208}
	EndGlobalSection
EndGlobal
